Microsoft Visual Studio Solution File, Format Version 12.00
# Visual Studio Version 17
VisualStudioVersion = 17.5.2.0
MinimumVisualStudioVersion = 10.0.40219.1
Project("{FAE04EC0-301F-11D3-BF4B-00C04F79EFBC}") = "ClipboardWatcher", "ClipboardWatcher.csproj", "{FEC57189-F4EC-3F5D-A309-AC48E6FE8AE1}"
EndProject
Global
	GlobalSection(SolutionConfigurationPlatforms) = preSolution
		Debug|Any CPU = Debug|Any CPU
		Release|Any CPU = Release|Any CPU
	EndGlobalSection
	GlobalSection(ProjectConfigurationPlatforms) = postSolution
		{FEC57189-F4EC-3F5D-A309-AC48E6FE8AE1}.Debug|Any CPU.ActiveCfg = Debug|Any CPU
		{FEC57189-F4EC-3F5D-A309-AC48E6FE8AE1}.Debug|Any CPU.Build.0 = Debug|Any CPU
		{FEC57189-F4EC-3F5D-A309-AC48E6FE8AE1}.Release|Any CPU.ActiveCfg = Release|Any CPU
		{FEC57189-F4EC-3F5D-A309-AC48E6FE8AE1}.Release|Any CPU.Build.0 = Release|Any CPU
	EndGlobalSection
	GlobalSection(SolutionProperties) = preSolution
		HideSolutionNode = FALSE
	EndGlobalSection
	GlobalSection(ExtensibilityGlobals) = postSolution
		SolutionGuid = {2B376F30-B552-4645-BC26-5F10152939A3}
	EndGlobalSection
EndGlobal
